
Microsoft Visual Studio Solution File, Format Version 12.00
# Visual Studio 15
VisualStudioVersion = 15.0.27703.2042
MinimumVisualStudioVersion = 10.0.40219.1
Project("{8BC9CEB8-8B4A-11D0-8D11-00A0C91BC942}") = "libMsgTcp", "libMsgTcp\libMsgTcp.vcxproj", "{E683E979-A7D4-481B-A756-0E3D6CA10058}"
EndProject
Project("{8BC9CEB8-8B4A-11D0-8D11-00A0C91BC942}") = "MsgHandleSvr", "MsgHandleSvr\MsgHandleSvr.vcxproj", "{8A996655-8892-4F63-8CF3-FB062E268803}"
EndProject
Project("{8BC9CEB8-8B4A-11D0-8D11-00A0C91BC942}") = "testClient", "testClient\testClient.vcxproj", "{74CBA94F-80C8-4865-89EC-AE45932F7F0F}"
EndProject
Global
	GlobalSection(SolutionConfigurationPlatforms) = preSolution
		Debug|x64 = Debug|x64
		Debug|x86 = Debug|x86
		Release|x64 = Release|x64
		Release|x86 = Release|x86
	EndGlobalSection
	GlobalSection(ProjectConfigurationPlatforms) = postSolution
		{E683E979-A7D4-481B-A756-0E3D6CA10058}.Debug|x64.ActiveCfg = Debug|x64
		{E683E979-A7D4-481B-A756-0E3D6CA10058}.Debug|x64.Build.0 = Debug|x64
		{E683E979-A7D4-481B-A756-0E3D6CA10058}.Debug|x86.ActiveCfg = Debug|Win32
		{E683E979-A7D4-481B-A756-0E3D6CA10058}.Debug|x86.Build.0 = Debug|Win32
		{E683E979-A7D4-481B-A756-0E3D6CA10058}.Release|x64.ActiveCfg = Release|x64
		{E683E979-A7D4-481B-A756-0E3D6CA10058}.Release|x64.Build.0 = Release|x64
		{E683E979-A7D4-481B-A756-0E3D6CA10058}.Release|x86.ActiveCfg = Release|Win32
		{E683E979-A7D4-481B-A756-0E3D6CA10058}.Release|x86.Build.0 = Release|Win32
		{8A996655-8892-4F63-8CF3-FB062E268803}.Debug|x64.ActiveCfg = Debug|x64
		{8A996655-8892-4F63-8CF3-FB062E268803}.Debug|x64.Build.0 = Debug|x64
		{8A996655-8892-4F63-8CF3-FB062E268803}.Debug|x86.ActiveCfg = Debug|Win32
		{8A996655-8892-4F63-8CF3-FB062E268803}.Debug|x86.Build.0 = Debug|Win32
		{8A996655-8892-4F63-8CF3-FB062E268803}.Release|x64.ActiveCfg = Release|x64
		{8A996655-8892-4F63-8CF3-FB062E268803}.Release|x64.Build.0 = Release|x64
		{8A996655-8892-4F63-8CF3-FB062E268803}.Release|x86.ActiveCfg = Release|Win32
		{8A996655-8892-4F63-8CF3-FB062E268803}.Release|x86.Build.0 = Release|Win32
		{74CBA94F-80C8-4865-89EC-AE45932F7F0F}.Debug|x64.ActiveCfg = Debug|x64
		{74CBA94F-80C8-4865-89EC-AE45932F7F0F}.Debug|x64.Build.0 = Debug|x64
		{74CBA94F-80C8-4865-89EC-AE45932F7F0F}.Debug|x86.ActiveCfg = Debug|Win32
		{74CBA94F-80C8-4865-89EC-AE45932F7F0F}.Debug|x86.Build.0 = Debug|Win32
		{74CBA94F-80C8-4865-89EC-AE45932F7F0F}.Release|x64.ActiveCfg = Release|x64
		{74CBA94F-80C8-4865-89EC-AE45932F7F0F}.Release|x64.Build.0 = Release|x64
		{74CBA94F-80C8-4865-89EC-AE45932F7F0F}.Release|x86.ActiveCfg = Release|Win32
		{74CBA94F-80C8-4865-89EC-AE45932F7F0F}.Release|x86.Build.0 = Release|Win32
	EndGlobalSection
	GlobalSection(SolutionProperties) = preSolution
		HideSolutionNode = FALSE
	EndGlobalSection
	GlobalSection(ExtensibilityGlobals) = postSolution
		SolutionGuid = {432B2D70-6CF9-4AFD-B885-47D367B8C7AA}
	EndGlobalSection
EndGlobal
